PODS:
  - iDroidLayout2 (0.2.1):
    - TBXML (~> 1.5)
  - LoremIpsum (1.0.0)
  - TBXML (1.5)

DEPENDENCIES:
  - iDroidLayout2 (from `iDroidLayout2.podspec`)
  - LoremIpsum (~> 1.0)
  - TBXML (~> 1.5)

EXTERNAL SOURCES:
  iDroidLayout2:
    :path: iDroidLayout2.podspec

SPEC CHECKSUMS:
  iDroidLayout2: 11de1e4dd4a56598e36e86b20e3bbcad6d9b7840
  LoremIpsum: 9029c55d36501b2ee0b05cc9ecda11d3a0479160
  TBXML: 9f9dadb239f2f2af1dadb87fe43a0ce6e479379a

PODFILE CHECKSUM: 75962d7c17251cd11ad6db6f487125ba03c77c9f

COCOAPODS: 1.2.1
